// !$*UTF8*$!
{
	archiveVersion = 1;
	classes = {
	};
	objectVersion = 50;
	objects = {

/* Begin PBXBuildFile section */
		E2FBB6C52640340200CEEBC8 /* AppDelegate.swift in Sources */ = {isa = PBXBuildFile; fileRef = E2FBB6C42640340200CEEBC8 /* AppDelegate.swift */; };
		E2FBB6C72640340200CEEBC8 /* SceneDelegate.swift in Sources */ = {isa = PBXBuildFile; fileRef = E2FBB6C62640340200CEEBC8 /* SceneDelegate.swift */; };
		E2FBB6C92640340200CEEBC8 /* MainVC.swift in Sources */ = {isa = PBXBuildFile; fileRef = E2FBB6C82640340200CEEBC8 /* MainVC.swift */; };
		E2FBB6CC2640340200CEEBC8 /* Main.storyboard in Resources */ = {isa = PBXBuildFile; fileRef = E2FBB6CA2640340200CEEBC8 /* Main.storyboard */; };
		E2FBB6CE2640340500CEEBC8 /* Assets.xcassets in Resources */ = {isa = PBXBuildFile; fileRef = E2FBB6CD2640340500CEEBC8 /* Assets.xcassets */; };
		E2FBB6D12640340500CEEBC8 /* LaunchScreen.storyboard in Resources */ = {isa = PBXBuildFile; fileRef = E2FBB6CF2640340500CEEBC8 /* LaunchScreen.storyboard */; };
		E2FBB6DC26403ECB00CEEBC8 /* still time.ttf in Resources */ = {isa = PBXBuildFile; fileRef = E2FBB6DB26403ECB00CEEBC8 /* still time.ttf */; };
		E2FBB6DF2640416B00CEEBC8 /* VideoVC.swift in Sources */ = {isa = PBXBuildFile; fileRef = E2FBB6DE2640416B00CEEBC8 /* VideoVC.swift */; };
/* End PBXBuildFile section */

/* Begin PBXFileReference section */
		E2FBB6C12640340200CEEBC8 /* PartyRockApp.app */ = {isa = PBXFileReference; explicitFileType = wrapper.application; includeInIndex = 0; path = PartyRockApp.app; sourceTree = BUILT_PRODUCTS_DIR; };
		E2FBB6C42640340200CEEBC8 /* AppDelegate.swift */ = {isa = PBXFileReference; lastKnownFileType = sourcecode.swift; path = AppDelegate.swift; sourceTree = "<group>"; };
		E2FBB6C62640340200CEEBC8 /* SceneDelegate.swift */ = {isa = PBXFileReference; lastKnownFileType = sourcecode.swift; path = SceneDelegate.swift; sourceTree = "<group>"; };
		E2FBB6C82640340200CEEBC8 /* MainVC.swift */ = {isa = PBXFileReference; lastKnownFileType = sourcecode.swift; path = MainVC.swift; sourceTree = "<group>"; };
		E2FBB6CB2640340200CEEBC8 /* Base */ = {isa = PBXFileReference; lastKnownFileType = file.storyboard; name = Base; path = Base.lproj/Main.storyboard; sourceTree = "<group>"; };
		E2FBB6CD2640340500CEEBC8 /* Assets.xcassets */ = {isa = PBXFileReference; lastKnownFileType = folder.assetcatalog; path = Assets.xcassets; sourceTree = "<group>"; };
		E2FBB6D02640340500CEEBC8 /* Base */ = {isa = PBXFileReference; lastKnownFileType = file.storyboard; name = Base; path = Base.lproj/LaunchScreen.storyboard; sourceTree = "<group>"; };
		E2FBB6D22640340500CEEBC8 /* Info.plist */ = {isa = PBXFileReference; lastKnownFileType = text.plist.xml; path = Info.plist; sourceTree = "<group>"; };
		E2FBB6DB26403ECB00CEEBC8 /* still time.ttf */ = {isa = PBXFileReference; lastKnownFileType = file; path = "still time.ttf"; sourceTree = "<group>"; };
		E2FBB6DE2640416B00CEEBC8 /* VideoVC.swift */ = {isa = PBXFileReference; lastKnownFileType = sourcecode.swift; path = VideoVC.swift; sourceTree = "<group>"; };
/* End PBXFileReference section */

/* Begin PBXFrameworksBuildPhase section */
		E2FBB6BE2640340200CEEBC8 /* Frameworks */ = {
			isa = PBXFrameworksBuildPhase;
			buildActionMask = 2147483647;
			files = (
			);
			runOnlyForDeploymentPostprocessing = 0;
		};
/* End PBXFrameworksBuildPhase section */

/* Begin PBXGroup section */
		E2FBB6B82640340200CEEBC8 = {
			isa = PBXGroup;
			children = (
				E2FBB6C32640340200CEEBC8 /* PartyRockApp */,
				E2FBB6C22640340200CEEBC8 /* Products */,
			);
			sourceTree = "<group>";
		};
		E2FBB6C22640340200CEEBC8 /* Products */ = {
			isa = PBXGroup;
			children = (
				E2FBB6C12640340200CEEBC8 /* PartyRockApp.app */,
			);
			name = Products;
			sourceTree = "<group>";
		};
		E2FBB6C32640340200CEEBC8 /* PartyRockApp */ = {
			isa = PBXGroup;
			children = (
				E2FBB6DD26403ED500CEEBC8 /* Files */,
				E2FBB6D9264034D400CEEBC8 /* model */,
				E2FBB6DA264034EE00CEEBC8 /* view */,
				E2FBB6D8264034AD00CEEBC8 /* controller */,
				E2FBB6C42640340200CEEBC8 /* AppDelegate.swift */,
				E2FBB6C62640340200CEEBC8 /* SceneDelegate.swift */,
				E2FBB6CA2640340200CEEBC8 /* Main.storyboard */,
				E2FBB6CD2640340500CEEBC8 /* Assets.xcassets */,
				E2FBB6CF2640340500CEEBC8 /* LaunchScreen.storyboard */,
				E2FBB6D22640340500CEEBC8 /* Info.plist */,
			);
			path = PartyRockApp;
			sourceTree = "<group>";
		};
		E2FBB6D8264034AD00CEEBC8 /* controller */ = {
			isa = PBXGroup;
			children = (
				E2FBB6C82640340200CEEBC8 /* MainVC.swift */,
				E2FBB6DE2640416B00CEEBC8 /* VideoVC.swift */,
			);
			path = controller;
			sourceTree = "<group>";
		};
		E2FBB6D9264034D400CEEBC8 /* model */ = {
			isa = PBXGroup;
			children = (
			);
			path = model;
			sourceTree = "<group>";
		};
		E2FBB6DA264034EE00CEEBC8 /* view */ = {
			isa = PBXGroup;
			children = (
			);
			path = view;
			sourceTree = "<group>";
		};
		E2FBB6DD26403ED500CEEBC8 /* Files */ = {
			isa = PBXGroup;
			children = (
				E2FBB6DB26403ECB00CEEBC8 /* still time.ttf */,
			);
			path = Files;
			sourceTree = "<group>";
		};
/* End PBXGroup section */

/* Begin PBXNativeTarget section */
		E2FBB6C02640340200CEEBC8 /* PartyRockApp */ = {
			isa = PBXNativeTarget;
			buildConfigurationList = E2FBB6D52640340500CEEBC8 /* Build configuration list for PBXNativeTarget "PartyRockApp" */;
			buildPhases = (
				E2FBB6BD2640340200CEEBC8 /* Sources */,
				E2FBB6BE2640340200CEEBC8 /* Frameworks */,
				E2FBB6BF2640340200CEEBC8 /* Resources */,
			);
			buildRules = (
			);
			dependencies = (
			);
			name = PartyRockApp;
			productName = PartyRockApp;
			productReference = E2FBB6C12640340200CEEBC8 /* PartyRockApp.app */;
			productType = "com.apple.product-type.application";
		};
/* End PBXNativeTarget section */

/* Begin PBXProject section */
		E2FBB6B92640340200CEEBC8 /* Project object */ = {
			isa = PBXProject;
			attributes = {
				LastSwiftUpdateCheck = 1250;
				LastUpgradeCheck = 1250;
				TargetAttributes = {
					E2FBB6C02640340200CEEBC8 = {
						CreatedOnToolsVersion = 12.5;
					};
				};
			};
			buildConfigurationList = E2FBB6BC2640340200CEEBC8 /* Build configuration list for PBXProject "PartyRockApp" */;
			compatibilityVersion = "Xcode 9.3";
			developmentRegion = en;
			hasScannedForEncodings = 0;
			knownRegions = (
				en,
				Base,
			);
			mainGroup = E2FBB6B82640340200CEEBC8;
			productRefGroup = E2FBB6C22640340200CEEBC8 /* Products */;
			projectDirPath = "";
			projectRoot = "";
			targets = (
				E2FBB6C02640340200CEEBC8 /* PartyRockApp */,
			);
		};
/* End PBXProject section */

/* Begin PBXResourcesBuildPhase section */
		E2FBB6BF2640340200CEEBC8 /* Resources */ = {
			isa = PBXResourcesBuildPhase;
			buildActionMask = 2147483647;
			files = (
				E2FBB6D12640340500CEEBC8 /* LaunchScreen.storyboard in Resources */,
				E2FBB6DC26403ECB00CEEBC8 /* still time.ttf in Resources */,
				E2FBB6CE2640340500CEEBC8 /* Assets.xcassets in Resources */,
				E2FBB6CC2640340200CEEBC8 /* Main.storyboard in Resources */,
			);
			runOnlyForDeploymentPostprocessing = 0;
		};
/* End PBXResourcesBuildPhase section */

/* Begin PBXSourcesBuildPhase section */
		E2FBB6BD2640340200CEEBC8 /* Sources */ = {
			isa = PBXSourcesBuildPhase;
			buildActionMask = 2147483647;
			files = (
				E2FBB6DF2640416B00CEEBC8 /* VideoVC.swift in Sources */,
				E2FBB6C92640340200CEEBC8 /* MainVC.swift in Sources */,
				E2FBB6C52640340200CEEBC8 /* AppDelegate.swift in Sources */,
				E2FBB6C72640340200CEEBC8 /* SceneDelegate.swift in Sources */,
			);
			runOnlyForDeploymentPostprocessing = 0;
		};
/* End PBXSourcesBuildPhase section */

/* Begin PBXVariantGroup section */
		E2FBB6CA2640340200CEEBC8 /* Main.storyboard */ = {
			isa = PBXVariantGroup;
			children = (
				E2FBB6CB2640340200CEEBC8 /* Base */,
			);
			name = Main.storyboard;
			sourceTree = "<group>";
		};
		E2FBB6CF2640340500CEEBC8 /* LaunchScreen.storyboard */ = {
			isa = PBXVariantGroup;
			children = (
				E2FBB6D02640340500CEEBC8 /* Base */,
			);
			name = LaunchScreen.storyboard;
			sourceTree = "<group>";
		};
/* End PBXVariantGroup section */

/* Begin XCBuildConfiguration section */
		E2FBB6D32640340500CEEBC8 /* Debug */ = {
			isa = XCBuildConfiguration;
			buildSettings = {
				ALWAYS_SEARCH_USER_PATHS = NO;
				CLANG_ANALYZER_NONNULL = YES;
				CLANG_ANALYZER_NUMBER_OBJECT_CONVERSION = YES_AGGRESSIVE;
				CLANG_CXX_LANGUAGE_STANDARD = "gnu++14";
				CLANG_CXX_LIBRARY = "libc++";
				CLANG_ENABLE_MODULES = YES;
				CLANG_ENABLE_OBJC_ARC = YES;
				CLANG_ENABLE_OBJC_WEAK = YES;
				CLANG_WARN_BLOCK_CAPTURE_AUTORELEASING = YES;
				CLANG_WARN_BOOL_CONVERSION = YES;
				CLANG_WARN_COMMA = YES;
				CLANG_WARN_CONSTANT_CONVERSION = YES;
				CLANG_WARN_DEPRECATED_OBJC_IMPLEMENTATIONS = YES;
				CLANG_WARN_DIRECT_OBJC_ISA_USAGE = YES_ERROR;
				CLANG_WARN_DOCUMENTATION_COMMENTS = YES;
				CLANG_WARN_EMPTY_BODY = YES;
				CLANG_WARN_ENUM_CONVERSION = YES;
				CLANG_WARN_INFINITE_RECURSION = YES;
				CLANG_WARN_INT_CONVERSION = YES;
				CLANG_WARN_NON_LITERAL_NULL_CONVERSION = YES;
				CLANG_WARN_OBJC_IMPLICIT_RETAIN_SELF = YES;
				CLANG_WARN_OBJC_LITERAL_CONVERSION = YES;
				CLANG_WARN_OBJC_ROOT_CLASS = YES_ERROR;
				CLANG_WARN_QUOTED_INCLUDE_IN_FRAMEWORK_HEADER = YES;
				CLANG_WARN_RANGE_LOOP_ANALYSIS = YES;
				CLANG_WARN_STRICT_PROTOTYPES = YES;
				CLANG_WARN_SUSPICIOUS_MOVE = YES;
				CLANG_WARN_UNGUARDED_AVAILABILITY = YES_AGGRESSIVE;
				CLANG_WARN_UNREACHABLE_CODE = YES;
				CLANG_WARN__DUPLICATE_METHOD_MATCH = YES;
				COPY_PHASE_STRIP = NO;
				DEBUG_INFORMATION_FORMAT = dwarf;
				ENABLE_STRICT_OBJC_MSGSEND = YES;
				ENABLE_TESTABILITY = YES;
				GCC_C_LANGUAGE_STANDARD = gnu11;
				GCC_DYNAMIC_NO_PIC = NO;
				GCC_NO_COMMON_BLOCKS = YES;
				GCC_OPTIMIZATION_LEVEL = 0;
				GCC_PREPROCESSOR_DEFINITIONS = (
					"DEBUG=1",
					"$(inherited)",
				);
				GCC_WARN_64_TO_32_BIT_CONVERSION = YES;
				GCC_WARN_ABOUT_RETURN_TYPE = YES_ERROR;
				GCC_WARN_UNDECLARED_SELECTOR = YES;
				GCC_WARN_UNINITIALIZED_AUTOS = YES_AGGRESSIVE;
				GCC_WARN_UNUSED_FUNCTION = YES;
				GCC_WARN_UNUSED_VARIABLE = YES;
				IPHONEOS_DEPLOYMENT_TARGET = 14.5;
				MTL_ENABLE_DEBUG_INFO = INCLUDE_SOURCE;
				MTL_FAST_MATH = YES;
				ONLY_ACTIVE_ARCH = YES;
				SDKROOT = iphoneos;
				SWIFT_ACTIVE_COMPILATION_CONDITIONS = DEBUG;
				SWIFT_OPTIMIZATION_LEVEL = "-Onone";
			};
			name = Debug;
		};
		E2FBB6D42640340500CEEBC8 /* Release */ = {
			isa = XCBuildConfiguration;
			buildSettings = {
				ALWAYS_SEARCH_USER_PATHS = NO;
				CLANG_ANALYZER_NONNULL = YES;
				CLANG_ANALYZER_NUMBER_OBJECT_CONVERSION = YES_AGGRESSIVE;
				CLANG_CXX_LANGUAGE_STANDARD = "gnu++14";
				CLANG_CXX_LIBRARY = "libc++";
				CLANG_ENABLE_MODULES = YES;
				CLANG_ENABLE_OBJC_ARC = YES;
				CLANG_ENABLE_OBJC_WEAK = YES;
				CLANG_WARN_BLOCK_CAPTURE_AUTORELEASING = YES;
				CLANG_WARN_BOOL_CONVERSION = YES;
				CLANG_WARN_COMMA = YES;
				CLANG_WARN_CONSTANT_CONVERSION = YES;
				CLANG_WARN_DEPRECATED_OBJC_IMPLEMENTATIONS = YES;
				CLANG_WARN_DIRECT_OBJC_ISA_USAGE = YES_ERROR;
				CLANG_WARN_DOCUMENTATION_COMMENTS = YES;
				CLANG_WARN_EMPTY_BODY = YES;
				CLANG_WARN_ENUM_CONVERSION = YES;
				CLANG_WARN_INFINITE_RECURSION = YES;
				CLANG_WARN_INT_CONVERSION = YES;
				CLANG_WARN_NON_LITERAL_NULL_CONVERSION = YES;
				CLANG_WARN_OBJC_IMPLICIT_RETAIN_SELF = YES;
				CLANG_WARN_OBJC_LITERAL_CONVERSION = YES;
				CLANG_WARN_OBJC_ROOT_CLASS = YES_ERROR;
				CLANG_WARN_QUOTED_INCLUDE_IN_FRAMEWORK_HEADER = YES;
				CLANG_WARN_RANGE_LOOP_ANALYSIS = YES;
				CLANG_WARN_STRICT_PROTOTYPES = YES;
				CLANG_WARN_SUSPICIOUS_MOVE = YES;
				CLANG_WARN_UNGUARDED_AVAILABILITY = YES_AGGRESSIVE;
				CLANG_WARN_UNREACHABLE_CODE = YES;
				CLANG_WARN__DUPLICATE_METHOD_MATCH = YES;
				COPY_PHASE_STRIP = NO;
				DEBUG_INFORMATION_FORMAT = "dwarf-with-dsym";
				ENABLE_NS_ASSERTIONS = NO;
				ENABLE_STRICT_OBJC_MSGSEND = YES;
				GCC_C_LANGUAGE_STANDARD = gnu11;
				GCC_NO_COMMON_BLOCKS = YES;
				GCC_WARN_64_TO_32_BIT_CONVERSION = YES;
				GCC_WARN_ABOUT_RETURN_TYPE = YES_ERROR;
				GCC_WARN_UNDECLARED_SELECTOR = YES;
				GCC_WARN_UNINITIALIZED_AUTOS = YES_AGGRESSIVE;
				GCC_WARN_UNUSED_FUNCTION = YES;
				GCC_WARN_UNUSED_VARIABLE = YES;
				IPHONEOS_DEPLOYMENT_TARGET = 14.5;
				MTL_ENABLE_DEBUG_INFO = NO;
				MTL_FAST_MATH = YES;
				SDKROOT = iphoneos;
				SWIFT_COMPILATION_MODE = wholemodule;
				SWIFT_OPTIMIZATION_LEVEL = "-O";
				VALIDATE_PRODUCT = YES;
			};
			name = Release;
		};
		E2FBB6D62640340500CEEBC8 /* Debug */ = {
			isa = XCBuildConfiguration;
			buildSettings = {
				ASSETCATALOG_COMPILER_APPICON_NAME = AppIcon;
				ASSETCATALOG_COMPILER_GLOBAL_ACCENT_COLOR_NAME = AccentColor;
				CODE_SIGN_STYLE = Automatic;
				DEVELOPMENT_TEAM = 88VJR28W2K;
				INFOPLIST_FILE = PartyRockApp/Info.plist;
				LD_RUNPATH_SEARCH_PATHS = (
					"$(inherited)",
					"@executable_path/Frameworks",
				);
				PRODUCT_BUNDLE_IDENTIFIER = com.luananalon.PartyRockApp;
				PRODUCT_NAME = "$(TARGET_NAME)";
				SWIFT_VERSION = 5.0;
				TARGETED_DEVICE_FAMILY = "1,2";
			};
			name = Debug;
		};
		E2FBB6D72640340500CEEBC8 /* Release */ = {
			isa = XCBuildConfiguration;
			buildSettings = {
				ASSETCATALOG_COMPILER_APPICON_NAME = AppIcon;
				ASSETCATALOG_COMPILER_GLOBAL_ACCENT_COLOR_NAME = AccentColor;
				CODE_SIGN_STYLE = Automatic;
				DEVELOPMENT_TEAM = 88VJR28W2K;
				INFOPLIST_FILE = PartyRockApp/Info.plist;
				LD_RUNPATH_SEARCH_PATHS = (
					"$(inherited)",
					"@executable_path/Frameworks",
				);
				PRODUCT_BUNDLE_IDENTIFIER = com.luananalon.PartyRockApp;
				PRODUCT_NAME = "$(TARGET_NAME)";
				SWIFT_VERSION = 5.0;
				TARGETED_DEVICE_FAMILY = "1,2";
			};
			name = Release;
		};
/* End XCBuildConfiguration section */

/* Begin XCConfigurationList section */
		E2FBB6BC2640340200CEEBC8 /* Build configuration list for PBXProject "PartyRockApp" */ = {
			isa = XCConfigurationList;
			buildConfigurations = (
				E2FBB6D32640340500CEEBC8 /* Debug */,
				E2FBB6D42640340500CEEBC8 /* Release */,
			);
			defaultConfigurationIsVisible = 0;
			defaultConfigurationName = Release;
		};
		E2FBB6D52640340500CEEBC8 /* Build configuration list for PBXNativeTarget "PartyRockApp" */ = {
			isa = XCConfigurationList;
			buildConfigurations = (
				E2FBB6D62640340500CEEBC8 /* Debug */,
				E2FBB6D72640340500CEEBC8 /* Release */,
			);
			defaultConfigurationIsVisible = 0;
			defaultConfigurationName = Release;
		};
/* End XCConfigurationList section */
	};
	rootObject = E2FBB6B92640340200CEEBC8 /* Project object */;
}
